
Microsoft Visual Studio Solution File, Format Version 12.00
# Visual Studio Version 17
VisualStudioVersion = 17.7.34202.233
MinimumVisualStudioVersion = 10.0.40219.1
Project("{FAE04EC0-301F-11D3-BF4B-00C04F79EFBC}") = "Gordic.TextEditor", "..\..\Tools.NET\Gordic.TextEditor\Gordic.TextEditor.csproj", "{A50C620A-13A7-4545-B0ED-31B8311E5F39}"
EndProject
Project("{9A19103F-16F7-4668-BE54-9A1E7A4F7556}") = "Gordic.GFE.Parsers", "Gordic.GFE.Parsers\Gordic.GFE.Parsers.csproj", "{13CC673E-83D6-46B8-A980-4A498BA80040}"
EndProject
Project("{9A19103F-16F7-4668-BE54-9A1E7A4F7556}") = "Gordic.Gfe.FormFiller", "Gordic.Gfe.FormFiller\Gordic.Gfe.FormFiller.csproj", "{B8521DAE-D882-4D82-AABD-3F80246D0FFA}"
	ProjectSection(ProjectDependencies) = postProject
		{13CC673E-83D6-46B8-A980-4A498BA80040} = {13CC673E-83D6-46B8-A980-4A498BA80040}
	EndProjectSection
EndProject
Project("{9A19103F-16F7-4668-BE54-9A1E7A4F7556}") = "Gordic.GFE.WinClient", "Gordic.GFE.WinClient\Gordic.GFE.WinClient.csproj", "{F33AC2E3-9205-404E-B079-231D6A1FC5FE}"
	ProjectSection(ProjectDependencies) = postProject
		{13CC673E-83D6-46B8-A980-4A498BA80040} = {13CC673E-83D6-46B8-A980-4A498BA80040}
		{A50C620A-13A7-4545-B0ED-31B8311E5F39} = {A50C620A-13A7-4545-B0ED-31B8311E5F39}
	EndProjectSection
EndProject
Project("{9A19103F-16F7-4668-BE54-9A1E7A4F7556}") = "Gordic.Gui.Graphics", "Gordic.Gui.Graphics\Gordic.Gui.Graphics.csproj", "{587F44AD-15DD-4834-A266-D643101F10DE}"
EndProject
Project("{9A19103F-16F7-4668-BE54-9A1E7A4F7556}") = "Gordic.General", "Gordic.General\Gordic.General.csproj", "{51119EA1-7010-4E6B-A601-6E655143E9A0}"
EndProject
Global
	GlobalSection(SolutionConfigurationPlatforms) = preSolution
		Debug|Any CPU = Debug|Any CPU
		Release|Any CPU = Release|Any CPU
	EndGlobalSection
	GlobalSection(ProjectConfigurationPlatforms) = postSolution
		{A50C620A-13A7-4545-B0ED-31B8311E5F39}.Debug|Any CPU.ActiveCfg = Debug|Any CPU
		{A50C620A-13A7-4545-B0ED-31B8311E5F39}.Debug|Any CPU.Build.0 = Debug|Any CPU
		{A50C620A-13A7-4545-B0ED-31B8311E5F39}.Release|Any CPU.ActiveCfg = Release|Any CPU
		{A50C620A-13A7-4545-B0ED-31B8311E5F39}.Release|Any CPU.Build.0 = Release|Any CPU
		{13CC673E-83D6-46B8-A980-4A498BA80040}.Debug|Any CPU.ActiveCfg = Debug|Any CPU
		{13CC673E-83D6-46B8-A980-4A498BA80040}.Debug|Any CPU.Build.0 = Debug|Any CPU
		{13CC673E-83D6-46B8-A980-4A498BA80040}.Release|Any CPU.ActiveCfg = Release|Any CPU
		{13CC673E-83D6-46B8-A980-4A498BA80040}.Release|Any CPU.Build.0 = Release|Any CPU
		{B8521DAE-D882-4D82-AABD-3F80246D0FFA}.Debug|Any CPU.ActiveCfg = Debug|Any CPU
		{B8521DAE-D882-4D82-AABD-3F80246D0FFA}.Debug|Any CPU.Build.0 = Debug|Any CPU
		{B8521DAE-D882-4D82-AABD-3F80246D0FFA}.Release|Any CPU.ActiveCfg = Release|Any CPU
		{B8521DAE-D882-4D82-AABD-3F80246D0FFA}.Release|Any CPU.Build.0 = Release|Any CPU
		{F33AC2E3-9205-404E-B079-231D6A1FC5FE}.Debug|Any CPU.ActiveCfg = Debug|Any CPU
		{F33AC2E3-9205-404E-B079-231D6A1FC5FE}.Debug|Any CPU.Build.0 = Debug|Any CPU
		{F33AC2E3-9205-404E-B079-231D6A1FC5FE}.Release|Any CPU.ActiveCfg = Release|Any CPU
		{F33AC2E3-9205-404E-B079-231D6A1FC5FE}.Release|Any CPU.Build.0 = Release|Any CPU
		{587F44AD-15DD-4834-A266-D643101F10DE}.Debug|Any CPU.ActiveCfg = Debug|Any CPU
		{587F44AD-15DD-4834-A266-D643101F10DE}.Debug|Any CPU.Build.0 = Debug|Any CPU
		{587F44AD-15DD-4834-A266-D643101F10DE}.Release|Any CPU.ActiveCfg = Release|Any CPU
		{587F44AD-15DD-4834-A266-D643101F10DE}.Release|Any CPU.Build.0 = Release|Any CPU
		{51119EA1-7010-4E6B-A601-6E655143E9A0}.Debug|Any CPU.ActiveCfg = Debug|Any CPU
		{51119EA1-7010-4E6B-A601-6E655143E9A0}.Debug|Any CPU.Build.0 = Debug|Any CPU
		{51119EA1-7010-4E6B-A601-6E655143E9A0}.Release|Any CPU.ActiveCfg = Release|Any CPU
		{51119EA1-7010-4E6B-A601-6E655143E9A0}.Release|Any CPU.Build.0 = Release|Any CPU
	EndGlobalSection
	GlobalSection(SolutionProperties) = preSolution
		HideSolutionNode = FALSE
	EndGlobalSection
	GlobalSection(ExtensibilityGlobals) = postSolution
		SolutionGuid = {589B36E7-2E7B-4732-A501-AABCD356EFAC}
	EndGlobalSection
EndGlobal
